// !$*UTF8*$!
{
	archiveVersion = 1;
	classes = {
	};
	objectVersion = 46;
	objects = {

/* Begin PBXAggregateTarget section */
		A6F826DA18DB5F1B004A28C1 /* HCDSS */ = {
			isa = PBXAggregateTarget;
			buildConfigurationList = A6F826DB18DB5F1B004A28C1 /* Build configuration list for PBXAggregateTarget "HCDSS" */;
			buildPhases = (
				A6F826DE18DB5F50004A28C1 /* Run Script */,
			);
			dependencies = (
			);
			name = HCDSS;
			productName = HCDSS;
		};
/* End PBXAggregateTarget section */

/* Begin PBXBuildFile section */
		A633EB0518DB634300B012CB /* HCDrawerSwipeSegue.m in Sources */ = {isa = PBXBuildFile; fileRef = A6F826C418DB5E2D004A28C1 /* HCDrawerSwipeSegue.m */; };
		A633EB0618DB635B00B012CB /* UIKit.framework in Frameworks */ = {isa = PBXBuildFile; fileRef = A6F8269818DB5E03004A28C1 /* UIKit.framework */; };
		A68249C5195887DA001FF2B8 /* HCDrawerSwipeMasterViewController.m in Sources */ = {isa = PBXBuildFile; fileRef = A68249C4195887DA001FF2B8 /* HCDrawerSwipeMasterViewController.m */; };
		A68249C8195887FD001FF2B8 /* HCDrawerSwipeChildViewController.m in Sources */ = {isa = PBXBuildFile; fileRef = A68249C7195887FD001FF2B8 /* HCDrawerSwipeChildViewController.m */; };
		A68249C919588B5C001FF2B8 /* HCDrawerSwipeSegue.m in Sources */ = {isa = PBXBuildFile; fileRef = A6F826C418DB5E2D004A28C1 /* HCDrawerSwipeSegue.m */; };
		A68249CA19588B61001FF2B8 /* HCDrawerSwipeMasterViewController.m in Sources */ = {isa = PBXBuildFile; fileRef = A68249C4195887DA001FF2B8 /* HCDrawerSwipeMasterViewController.m */; };
		A68249CB19588B64001FF2B8 /* HCDrawerSwipeChildViewController.m in Sources */ = {isa = PBXBuildFile; fileRef = A68249C7195887FD001FF2B8 /* HCDrawerSwipeChildViewController.m */; };
		A68249CC19588BBE001FF2B8 /* HCDrawerSwipeMasterViewController.h in Headers */ = {isa = PBXBuildFile; fileRef = A68249C3195887DA001FF2B8 /* HCDrawerSwipeMasterViewController.h */; settings = {ATTRIBUTES = (Public, ); }; };
		A68249CD19588BC1001FF2B8 /* HCDrawerSwipeChildViewController.h in Headers */ = {isa = PBXBuildFile; fileRef = A68249C6195887FD001FF2B8 /* HCDrawerSwipeChildViewController.h */; settings = {ATTRIBUTES = (Public, ); }; };
		A6F8269518DB5E03004A28C1 /* Foundation.framework in Frameworks */ = {isa = PBXBuildFile; fileRef = A6F8269418DB5E03004A28C1 /* Foundation.framework */; };
		A6F8269718DB5E03004A28C1 /* CoreGraphics.framework in Frameworks */ = {isa = PBXBuildFile; fileRef = A6F8269618DB5E03004A28C1 /* CoreGraphics.framework */; };
		A6F8269918DB5E03004A28C1 /* UIKit.framework in Frameworks */ = {isa = PBXBuildFile; fileRef = A6F8269818DB5E03004A28C1 /* UIKit.framework */; };
		A6F8269F18DB5E03004A28C1 /* InfoPlist.strings in Resources */ = {isa = PBXBuildFile; fileRef = A6F8269D18DB5E03004A28C1 /* InfoPlist.strings */; };
		A6F826A118DB5E03004A28C1 /* main.m in Sources */ = {isa = PBXBuildFile; fileRef = A6F826A018DB5E03004A28C1 /* main.m */; };
		A6F826A518DB5E03004A28C1 /* HCDSSAppDelegate.m in Sources */ = {isa = PBXBuildFile; fileRef = A6F826A418DB5E03004A28C1 /* HCDSSAppDelegate.m */; };
		A6F826A718DB5E03004A28C1 /* Images.xcassets in Resources */ = {isa = PBXBuildFile; fileRef = A6F826A618DB5E03004A28C1 /* Images.xcassets */; };
		A6F826AE18DB5E03004A28C1 /* XCTest.framework in Frameworks */ = {isa = PBXBuildFile; fileRef = A6F826AD18DB5E03004A28C1 /* XCTest.framework */; };
		A6F826AF18DB5E03004A28C1 /* Foundation.framework in Frameworks */ = {isa = PBXBuildFile; fileRef = A6F8269418DB5E03004A28C1 /* Foundation.framework */; };
		A6F826B018DB5E03004A28C1 /* UIKit.framework in Frameworks */ = {isa = PBXBuildFile; fileRef = A6F8269818DB5E03004A28C1 /* UIKit.framework */; };
		A6F826B818DB5E03004A28C1 /* InfoPlist.strings in Resources */ = {isa = PBXBuildFile; fileRef = A6F826B618DB5E03004A28C1 /* InfoPlist.strings */; };
		A6F826BA18DB5E03004A28C1 /* HCDrawerSwipeSegueTests.m in Sources */ = {isa = PBXBuildFile; fileRef = A6F826B918DB5E03004A28C1 /* HCDrawerSwipeSegueTests.m */; };
		A6F826D318DB5E68004A28C1 /* InfoPlist.strings in Resources */ = {isa = PBXBuildFile; fileRef = A6F826D118DB5E68004A28C1 /* InfoPlist.strings */; };
		A6F826D918DB5EF8004A28C1 /* HCDrawerSwipeSegue.h in Headers */ = {isa = PBXBuildFile; fileRef = A6F826C518DB5E2D004A28C1 /* HCDrawerSwipeSegue.h */; settings = {ATTRIBUTES = (Public, ); }; };
/* End PBXBuildFile section */

/* Begin PBXContainerItemProxy section */
		A6F826B118DB5E03004A28C1 /* PBXContainerItemProxy */ = {
			isa = PBXContainerItemProxy;
			containerPortal = A6F8268918DB5E03004A28C1 /* Project object */;
			proxyType = 1;
			remoteGlobalIDString = A6F8269018DB5E03004A28C1;
			remoteInfo = HCDrawerSwipeSegue;
		};
/* End PBXContainerItemProxy section */

/* Begin PBXFileReference section */
		A68249C3195887DA001FF2B8 /* HCDrawerSwipeMasterViewController.h */ = {isa = PBXFileReference; fileEncoding = 4; lastKnownFileType = sourcecode.c.h; path = HCDrawerSwipeMasterViewController.h; sourceTree = "<group>"; };
		A68249C4195887DA001FF2B8 /* HCDrawerSwipeMasterViewController.m */ = {isa = PBXFileReference; fileEncoding = 4; lastKnownFileType = sourcecode.c.objc; path = HCDrawerSwipeMasterViewController.m; sourceTree = "<group>"; };
		A68249C6195887FD001FF2B8 /* HCDrawerSwipeChildViewController.h */ = {isa = PBXFileReference; fileEncoding = 4; lastKnownFileType = sourcecode.c.h; path = HCDrawerSwipeChildViewController.h; sourceTree = "<group>"; };
		A68249C7195887FD001FF2B8 /* HCDrawerSwipeChildViewController.m */ = {isa = PBXFileReference; fileEncoding = 4; lastKnownFileType = sourcecode.c.objc; path = HCDrawerSwipeChildViewController.m; sourceTree = "<group>"; };
		A6F8269118DB5E03004A28C1 /* HCDrawerSwipeSegue.app */ = {isa = PBXFileReference; explicitFileType = wrapper.application; includeInIndex = 0; path = HCDrawerSwipeSegue.app; sourceTree = BUILT_PRODUCTS_DIR; };
		A6F8269418DB5E03004A28C1 /* Foundation.framework */ = {isa = PBXFileReference; lastKnownFileType = wrapper.framework; name = Foundation.framework; path = System/Library/Frameworks/Foundation.framework; sourceTree = SDKROOT; };
		A6F8269618DB5E03004A28C1 /* CoreGraphics.framework */ = {isa = PBXFileReference; lastKnownFileType = wrapper.framework; name = CoreGraphics.framework; path = System/Library/Frameworks/CoreGraphics.framework; sourceTree = SDKROOT; };
		A6F8269818DB5E03004A28C1 /* UIKit.framework */ = {isa = PBXFileReference; lastKnownFileType = wrapper.framework; name = UIKit.framework; path = System/Library/Frameworks/UIKit.framework; sourceTree = SDKROOT; };
		A6F8269C18DB5E03004A28C1 /* HCDrawerSwipeSegue-Info.plist */ = {isa = PBXFileReference; lastKnownFileType = text.plist.xml; path = "HCDrawerSwipeSegue-Info.plist"; sourceTree = "<group>"; };
		A6F8269E18DB5E03004A28C1 /* en */ = {isa = PBXFileReference; lastKnownFileType = text.plist.strings; name = en; path = en.lproj/InfoPlist.strings; sourceTree = "<group>"; };
		A6F826A018DB5E03004A28C1 /* main.m */ = {isa = PBXFileReference; lastKnownFileType = sourcecode.c.objc; path = main.m; sourceTree = "<group>"; };
		A6F826A218DB5E03004A28C1 /* HCDrawerSwipeSegue-Prefix.pch */ = {isa = PBXFileReference; lastKnownFileType = sourcecode.c.h; path = "HCDrawerSwipeSegue-Prefix.pch"; sourceTree = "<group>"; };
		A6F826A318DB5E03004A28C1 /* HCDSSAppDelegate.h */ = {isa = PBXFileReference; lastKnownFileType = sourcecode.c.h; path = HCDSSAppDelegate.h; sourceTree = "<group>"; };
		A6F826A418DB5E03004A28C1 /* HCDSSAppDelegate.m */ = {isa = PBXFileReference; lastKnownFileType = sourcecode.c.objc; path = HCDSSAppDelegate.m; sourceTree = "<group>"; };
		A6F826A618DB5E03004A28C1 /* Images.xcassets */ = {isa = PBXFileReference; lastKnownFileType = folder.assetcatalog; path = Images.xcassets; sourceTree = "<group>"; };
		A6F826AC18DB5E03004A28C1 /* HCDrawerSwipeSegueTests.xctest */ = {isa = PBXFileReference; explicitFileType = wrapper.cfbundle; includeInIndex = 0; path = HCDrawerSwipeSegueTests.xctest; sourceTree = BUILT_PRODUCTS_DIR; };
		A6F826AD18DB5E03004A28C1 /* XCTest.framework */ = {isa = PBXFileReference; lastKnownFileType = wrapper.framework; name = XCTest.framework; path = Library/Frameworks/XCTest.framework; sourceTree = DEVELOPER_DIR; };
		A6F826B518DB5E03004A28C1 /* HCDrawerSwipeSegueTests-Info.plist */ = {isa = PBXFileReference; lastKnownFileType = text.plist.xml; path = "HCDrawerSwipeSegueTests-Info.plist"; sourceTree = "<group>"; };
		A6F826B718DB5E03004A28C1 /* en */ = {isa = PBXFileReference; lastKnownFileType = text.plist.strings; name = en; path = en.lproj/InfoPlist.strings; sourceTree = "<group>"; };
		A6F826B918DB5E03004A28C1 /* HCDrawerSwipeSegueTests.m */ = {isa = PBXFileReference; lastKnownFileType = sourcecode.c.objc; path = HCDrawerSwipeSegueTests.m; sourceTree = "<group>"; };
		A6F826C418DB5E2D004A28C1 /* HCDrawerSwipeSegue.m */ = {isa = PBXFileReference; fileEncoding = 4; lastKnownFileType = sourcecode.c.objc; path = HCDrawerSwipeSegue.m; sourceTree = "<group>"; };
		A6F826C518DB5E2D004A28C1 /* HCDrawerSwipeSegue.h */ = {isa = PBXFileReference; fileEncoding = 4; lastKnownFileType = sourcecode.c.h; path = HCDrawerSwipeSegue.h; sourceTree = "<group>"; };
		A6F826CB18DB5E68004A28C1 /* HCDrawerSwipeSegueBundle.framework */ = {isa = PBXFileReference; explicitFileType = wrapper.cfbundle; includeInIndex = 0; path = HCDrawerSwipeSegueBundle.framework; sourceTree = BUILT_PRODUCTS_DIR; };
		A6F826CC18DB5E68004A28C1 /* CoreFoundation.framework */ = {isa = PBXFileReference; lastKnownFileType = wrapper.framework; name = CoreFoundation.framework; path = System/Library/Frameworks/CoreFoundation.framework; sourceTree = SDKROOT; };
		A6F826D018DB5E68004A28C1 /* HCDrawerSwipeSegueBundle-Info.plist */ = {isa = PBXFileReference; lastKnownFileType = text.plist.xml; path = "HCDrawerSwipeSegueBundle-Info.plist"; sourceTree = "<group>"; };
		A6F826D218DB5E68004A28C1 /* en */ = {isa = PBXFileReference; lastKnownFileType = text.plist.strings; name = en; path = en.lproj/InfoPlist.strings; sourceTree = "<group>"; };
		A6F826D418DB5E68004A28C1 /* HCDrawerSwipeSegueBundle-Prefix.pch */ = {isa = PBXFileReference; lastKnownFileType = sourcecode.c.h; path = "HCDrawerSwipeSegueBundle-Prefix.pch"; sourceTree = "<group>"; };
/* End PBXFileReference section */

/* Begin PBXFrameworksBuildPhase section */
		A6F8268E18DB5E03004A28C1 /* Frameworks */ = {
			isa = PBXFrameworksBuildPhase;
			buildActionMask = 2147483647;
			files = (
				A6F8269718DB5E03004A28C1 /* CoreGraphics.framework in Frameworks */,
				A6F8269918DB5E03004A28C1 /* UIKit.framework in Frameworks */,
				A6F8269518DB5E03004A28C1 /* Foundation.framework in Frameworks */,
			);
			runOnlyForDeploymentPostprocessing = 0;
		};
		A6F826A918DB5E03004A28C1 /* Frameworks */ = {
			isa = PBXFrameworksBuildPhase;
			buildActionMask = 2147483647;
			files = (
				A6F826AE18DB5E03004A28C1 /* XCTest.framework in Frameworks */,
				A6F826B018DB5E03004A28C1 /* UIKit.framework in Frameworks */,
				A6F826AF18DB5E03004A28C1 /* Foundation.framework in Frameworks */,
			);
			runOnlyForDeploymentPostprocessing = 0;
		};
		A6F826C818DB5E68004A28C1 /* Frameworks */ = {
			isa = PBXFrameworksBuildPhase;
			buildActionMask = 2147483647;
			files = (
				A633EB0618DB635B00B012CB /* UIKit.framework in Frameworks */,
			);
			runOnlyForDeploymentPostprocessing = 0;
		};
/* End PBXFrameworksBuildPhase section */

/* Begin PBXGroup section */
		A6F8268818DB5E03004A28C1 = {
			isa = PBXGroup;
			children = (
				A6F8269A18DB5E03004A28C1 /* HCDrawerSwipeSegue */,
				A6F826B318DB5E03004A28C1 /* HCDrawerSwipeSegueTests */,
				A6F826CE18DB5E68004A28C1 /* HCDrawerSwipeSegueBundle */,
				A6F8269318DB5E03004A28C1 /* Frameworks */,
				A6F8269218DB5E03004A28C1 /* Products */,
			);
			sourceTree = "<group>";
		};
		A6F8269218DB5E03004A28C1 /* Products */ = {
			isa = PBXGroup;
			children = (
				A6F8269118DB5E03004A28C1 /* HCDrawerSwipeSegue.app */,
				A6F826AC18DB5E03004A28C1 /* HCDrawerSwipeSegueTests.xctest */,
				A6F826CB18DB5E68004A28C1 /* HCDrawerSwipeSegueBundle.framework */,
			);
			name = Products;
			sourceTree = "<group>";
		};
		A6F8269318DB5E03004A28C1 /* Frameworks */ = {
			isa = PBXGroup;
			children = (
				A6F8269418DB5E03004A28C1 /* Foundation.framework */,
				A6F8269618DB5E03004A28C1 /* CoreGraphics.framework */,
				A6F8269818DB5E03004A28C1 /* UIKit.framework */,
				A6F826AD18DB5E03004A28C1 /* XCTest.framework */,
				A6F826CC18DB5E68004A28C1 /* CoreFoundation.framework */,
			);
			name = Frameworks;
			sourceTree = "<group>";
		};
		A6F8269A18DB5E03004A28C1 /* HCDrawerSwipeSegue */ = {
			isa = PBXGroup;
			children = (
				A6F826C318DB5E10004A28C1 /* Classes */,
				A6F826A318DB5E03004A28C1 /* HCDSSAppDelegate.h */,
				A6F826A418DB5E03004A28C1 /* HCDSSAppDelegate.m */,
				A6F826A618DB5E03004A28C1 /* Images.xcassets */,
				A6F8269B18DB5E03004A28C1 /* Supporting Files */,
			);
			path = HCDrawerSwipeSegue;
			sourceTree = "<group>";
		};
		A6F8269B18DB5E03004A28C1 /* Supporting Files */ = {
			isa = PBXGroup;
			children = (
				A6F8269C18DB5E03004A28C1 /* HCDrawerSwipeSegue-Info.plist */,
				A6F8269D18DB5E03004A28C1 /* InfoPlist.strings */,
				A6F826A018DB5E03004A28C1 /* main.m */,
				A6F826A218DB5E03004A28C1 /* HCDrawerSwipeSegue-Prefix.pch */,
			);
			name = "Supporting Files";
			sourceTree = "<group>";
		};
		A6F826B318DB5E03004A28C1 /* HCDrawerSwipeSegueTests */ = {
			isa = PBXGroup;
			children = (
				A6F826B918DB5E03004A28C1 /* HCDrawerSwipeSegueTests.m */,
				A6F826B418DB5E03004A28C1 /* Supporting Files */,
			);
			path = HCDrawerSwipeSegueTests;
			sourceTree = "<group>";
		};
		A6F826B418DB5E03004A28C1 /* Supporting Files */ = {
			isa = PBXGroup;
			children = (
				A6F826B518DB5E03004A28C1 /* HCDrawerSwipeSegueTests-Info.plist */,
				A6F826B618DB5E03004A28C1 /* InfoPlist.strings */,
			);
			name = "Supporting Files";
			sourceTree = "<group>";
		};
		A6F826C318DB5E10004A28C1 /* Classes */ = {
			isa = PBXGroup;
			children = (
				A6F826C518DB5E2D004A28C1 /* HCDrawerSwipeSegue.h */,
				A6F826C418DB5E2D004A28C1 /* HCDrawerSwipeSegue.m */,
				A68249C3195887DA001FF2B8 /* HCDrawerSwipeMasterViewController.h */,
				A68249C4195887DA001FF2B8 /* HCDrawerSwipeMasterViewController.m */,
				A68249C6195887FD001FF2B8 /* HCDrawerSwipeChildViewController.h */,
				A68249C7195887FD001FF2B8 /* HCDrawerSwipeChildViewController.m */,
			);
			path = Classes;
			sourceTree = "<group>";
		};
		A6F826CE18DB5E68004A28C1 /* HCDrawerSwipeSegueBundle */ = {
			isa = PBXGroup;
			children = (
				A6F826CF18DB5E68004A28C1 /* Supporting Files */,
			);
			path = HCDrawerSwipeSegueBundle;
			sourceTree = "<group>";
		};
		A6F826CF18DB5E68004A28C1 /* Supporting Files */ = {
			isa = PBXGroup;
			children = (
				A6F826D018DB5E68004A28C1 /* HCDrawerSwipeSegueBundle-Info.plist */,
				A6F826D118DB5E68004A28C1 /* InfoPlist.strings */,
				A6F826D418DB5E68004A28C1 /* HCDrawerSwipeSegueBundle-Prefix.pch */,
			);
			name = "Supporting Files";
			sourceTree = "<group>";
		};
/* End PBXGroup section */

/* Begin PBXHeadersBuildPhase section */
		A6F826D818DB5EF4004A28C1 /* Headers */ = {
			isa = PBXHeadersBuildPhase;
			buildActionMask = 2147483647;
			files = (
				A6F826D918DB5EF8004A28C1 /* HCDrawerSwipeSegue.h in Headers */,
				A68249CC19588BBE001FF2B8 /* HCDrawerSwipeMasterViewController.h in Headers */,
				A68249CD19588BC1001FF2B8 /* HCDrawerSwipeChildViewController.h in Headers */,
			);
			runOnlyForDeploymentPostprocessing = 0;
		};
/* End PBXHeadersBuildPhase section */

/* Begin PBXNativeTarget section */
		A6F8269018DB5E03004A28C1 /* HCDrawerSwipeSegue */ = {
			isa = PBXNativeTarget;
			buildConfigurationList = A6F826BD18DB5E03004A28C1 /* Build configuration list for PBXNativeTarget "HCDrawerSwipeSegue" */;
			buildPhases = (
				A6F8268D18DB5E03004A28C1 /* Sources */,
				A6F8268E18DB5E03004A28C1 /* Frameworks */,
				A6F8268F18DB5E03004A28C1 /* Resources */,
			);
			buildRules = (
			);
			dependencies = (
			);
			name = HCDrawerSwipeSegue;
			productName = HCDrawerSwipeSegue;
			productReference = A6F8269118DB5E03004A28C1 /* HCDrawerSwipeSegue.app */;
			productType = "com.apple.product-type.application";
		};
		A6F826AB18DB5E03004A28C1 /* HCDrawerSwipeSegueTests */ = {
			isa = PBXNativeTarget;
			buildConfigurationList = A6F826C018DB5E03004A28C1 /* Build configuration list for PBXNativeTarget "HCDrawerSwipeSegueTests" */;
			buildPhases = (
				A6F826A818DB5E03004A28C1 /* Sources */,
				A6F826A918DB5E03004A28C1 /* Frameworks */,
				A6F826AA18DB5E03004A28C1 /* Resources */,
			);
			buildRules = (
			);
			dependencies = (
				A6F826B218DB5E03004A28C1 /* PBXTargetDependency */,
			);
			name = HCDrawerSwipeSegueTests;
			productName = HCDrawerSwipeSegueTests;
			productReference = A6F826AC18DB5E03004A28C1 /* HCDrawerSwipeSegueTests.xctest */;
			productType = "com.apple.product-type.bundle.unit-test";
		};
		A6F826CA18DB5E68004A28C1 /* HCDrawerSwipeSegueBundle */ = {
			isa = PBXNativeTarget;
			buildConfigurationList = A6F826D518DB5E68004A28C1 /* Build configuration list for PBXNativeTarget "HCDrawerSwipeSegueBundle" */;
			buildPhases = (
				A6F826C718DB5E68004A28C1 /* Sources */,
				A6F826C818DB5E68004A28C1 /* Frameworks */,
				A6F826C918DB5E68004A28C1 /* Resources */,
				A6F826D818DB5EF4004A28C1 /* Headers */,
			);
			buildRules = (
			);
			dependencies = (
			);
			name = HCDrawerSwipeSegueBundle;
			productName = HCDrawerSwipeSegueBundle;
			productReference = A6F826CB18DB5E68004A28C1 /* HCDrawerSwipeSegueBundle.framework */;
			productType = "com.apple.product-type.bundle";
		};
/* End PBXNativeTarget section */

/* Begin PBXProject section */
		A6F8268918DB5E03004A28C1 /* Project object */ = {
			isa = PBXProject;
			attributes = {
				CLASSPREFIX = HCDSS;
				LastUpgradeCheck = 0600;
				ORGANIZATIONNAME = "Hull Computing";
				TargetAttributes = {
					A6F826AB18DB5E03004A28C1 = {
						TestTargetID = A6F8269018DB5E03004A28C1;
					};
				};
			};
			buildConfigurationList = A6F8268C18DB5E03004A28C1 /* Build configuration list for PBXProject "HCDrawerSwipeSegue" */;
			compatibilityVersion = "Xcode 3.2";
			developmentRegion = English;
			hasScannedForEncodings = 0;
			knownRegions = (
				en,
			);
			mainGroup = A6F8268818DB5E03004A28C1;
			productRefGroup = A6F8269218DB5E03004A28C1 /* Products */;
			projectDirPath = "";
			projectRoot = "";
			targets = (
				A6F8269018DB5E03004A28C1 /* HCDrawerSwipeSegue */,
				A6F826AB18DB5E03004A28C1 /* HCDrawerSwipeSegueTests */,
				A6F826CA18DB5E68004A28C1 /* HCDrawerSwipeSegueBundle */,
				A6F826DA18DB5F1B004A28C1 /* HCDSS */,
			);
		};
/* End PBXProject section */

/* Begin PBXResourcesBuildPhase section */
		A6F8268F18DB5E03004A28C1 /* Resources */ = {
			isa = PBXResourcesBuildPhase;
			buildActionMask = 2147483647;
			files = (
				A6F8269F18DB5E03004A28C1 /* InfoPlist.strings in Resources */,
				A6F826A718DB5E03004A28C1 /* Images.xcassets in Resources */,
			);
			runOnlyForDeploymentPostprocessing = 0;
		};
		A6F826AA18DB5E03004A28C1 /* Resources */ = {
			isa = PBXResourcesBuildPhase;
			buildActionMask = 2147483647;
			files = (
				A6F826B818DB5E03004A28C1 /* InfoPlist.strings in Resources */,
			);
			runOnlyForDeploymentPostprocessing = 0;
		};
		A6F826C918DB5E68004A28C1 /* Resources */ = {
			isa = PBXResourcesBuildPhase;
			buildActionMask = 2147483647;
			files = (
				A6F826D318DB5E68004A28C1 /* InfoPlist.strings in Resources */,
			);
			runOnlyForDeploymentPostprocessing = 0;
		};
/* End PBXResourcesBuildPhase section */

/* Begin PBXShellScriptBuildPhase section */
		A6F826DE18DB5F50004A28C1 /* Run Script */ = {
			isa = PBXShellScriptBuildPhase;
			buildActionMask = 2147483647;
			files = (
			);
			inputPaths = (
			);
			name = "Run Script";
			outputPaths = (
			);
			runOnlyForDeploymentPostprocessing = 0;
			shellPath = /bin/sh;
			shellScript = "# Sets the target folders and the final framework product.\nFMK_NAME=HCDrawerSwipeSegueBundle\nFMK_VERSION=A\n\n# Install dir will be the final output to the framework.\n# The following line create it in the root folder of the current project.\nINSTALL_DIR=${SRCROOT}/Products/${FMK_NAME}.framework\n\n# Working dir will be deleted after the framework creation.\nWRK_DIR=build\nDEVICE_DIR=${WRK_DIR}/Release-iphoneos/${FMK_NAME}.framework\nSIMULATOR_DIR=${WRK_DIR}/Release-iphonesimulator/${FMK_NAME}.framework\n\n# Building both architectures.\nxcodebuild -configuration \"Release\" -target \"${FMK_NAME}\" -sdk iphoneos\nxcodebuild -configuration \"Release\" -target \"${FMK_NAME}\" -sdk iphonesimulator\n\n# Cleaning the oldest.\nif [ -d \"${INSTALL_DIR}\" ]\nthen\nrm -rf \"${INSTALL_DIR}\"\nfi\n\n# Creates and renews the final product folder.\nmkdir -p \"${INSTALL_DIR}\"\nmkdir -p \"${INSTALL_DIR}/Versions\"\nmkdir -p \"${INSTALL_DIR}/Versions/${FMK_VERSION}\"\nmkdir -p \"${INSTALL_DIR}/Versions/${FMK_VERSION}/Resources\"\nmkdir -p \"${INSTALL_DIR}/Versions/${FMK_VERSION}/Headers\"\n\n# Creates the internal links.\n# It MUST uses relative path, otherwise will not work when the folder is copied/moved.\nln -s \"${FMK_VERSION}\" \"${INSTALL_DIR}/Versions/Current\"\nln -s \"Versions/Current/Headers\" \"${INSTALL_DIR}/Headers\"\nln -s \"Versions/Current/Resources\" \"${INSTALL_DIR}/Resources\"\nln -s \"Versions/Current/${FMK_NAME}\" \"${INSTALL_DIR}/${FMK_NAME}\"\n\n# Copies the headers and resources files to the final product folder.\ncp -R \"${DEVICE_DIR}/Headers/\" \"${INSTALL_DIR}/Versions/${FMK_VERSION}/Headers/\"\ncp -R \"${DEVICE_DIR}/\" \"${INSTALL_DIR}/Versions/${FMK_VERSION}/Resources/\"\n\n# Removes the binary and header from the resources folder.\nrm -rf \"${INSTALL_DIR}/Versions/${FMK_VERSION}/Resources/Headers\" \"${INSTALL_DIR}/Versions/${FMK_VERSION}/Resources/${FMK_NAME}\"\n\n# Uses the Lipo Tool to merge both binary files (i386 + armv6/armv7) into one Universal final product.\nlipo -create \"${DEVICE_DIR}/${FMK_NAME}\" \"${SIMULATOR_DIR}/${FMK_NAME}\" -output \"${INSTALL_DIR}/Versions/${FMK_VERSION}/${FMK_NAME}\"\n\nrm -r \"${WRK_DIR}\"";
			showEnvVarsInLog = 0;
		};
/* End PBXShellScriptBuildPhase section */

/* Begin PBXSourcesBuildPhase section */
		A6F8268D18DB5E03004A28C1 /* Sources */ = {
			isa = PBXSourcesBuildPhase;
			buildActionMask = 2147483647;
			files = (
				A68249C8195887FD001FF2B8 /* HCDrawerSwipeChildViewController.m in Sources */,
				A6F826A518DB5E03004A28C1 /* HCDSSAppDelegate.m in Sources */,
				A68249C5195887DA001FF2B8 /* HCDrawerSwipeMasterViewController.m in Sources */,
				A68249C919588B5C001FF2B8 /* HCDrawerSwipeSegue.m in Sources */,
				A6F826A118DB5E03004A28C1 /* main.m in Sources */,
			);
			runOnlyForDeploymentPostprocessing = 0;
		};
		A6F826A818DB5E03004A28C1 /* Sources */ = {
			isa = PBXSourcesBuildPhase;
			buildActionMask = 2147483647;
			files = (
				A6F826BA18DB5E03004A28C1 /* HCDrawerSwipeSegueTests.m in Sources */,
			);
			runOnlyForDeploymentPostprocessing = 0;
		};
		A6F826C718DB5E68004A28C1 /* Sources */ = {
			isa = PBXSourcesBuildPhase;
			buildActionMask = 2147483647;
			files = (
				A68249CB19588B64001FF2B8 /* HCDrawerSwipeChildViewController.m in Sources */,
				A633EB0518DB634300B012CB /* HCDrawerSwipeSegue.m in Sources */,
				A68249CA19588B61001FF2B8 /* HCDrawerSwipeMasterViewController.m in Sources */,
			);
			runOnlyForDeploymentPostprocessing = 0;
		};
/* End PBXSourcesBuildPhase section */

/* Begin PBXTargetDependency section */
		A6F826B218DB5E03004A28C1 /* PBXTargetDependency */ = {
			isa = PBXTargetDependency;
			target = A6F8269018DB5E03004A28C1 /* HCDrawerSwipeSegue */;
			targetProxy = A6F826B118DB5E03004A28C1 /* PBXContainerItemProxy */;
		};
/* End PBXTargetDependency section */

/* Begin PBXVariantGroup section */
		A6F8269D18DB5E03004A28C1 /* InfoPlist.strings */ = {
			isa = PBXVariantGroup;
			children = (
				A6F8269E18DB5E03004A28C1 /* en */,
			);
			name = InfoPlist.strings;
			sourceTree = "<group>";
		};
		A6F826B618DB5E03004A28C1 /* InfoPlist.strings */ = {
			isa = PBXVariantGroup;
			children = (
				A6F826B718DB5E03004A28C1 /* en */,
			);
			name = InfoPlist.strings;
			sourceTree = "<group>";
		};
		A6F826D118DB5E68004A28C1 /* InfoPlist.strings */ = {
			isa = PBXVariantGroup;
			children = (
				A6F826D218DB5E68004A28C1 /* en */,
			);
			name = InfoPlist.strings;
			sourceTree = "<group>";
		};
/* End PBXVariantGroup section */

/* Begin XCBuildConfiguration section */
		A6F826BB18DB5E03004A28C1 /* Debug */ = {
			isa = XCBuildConfiguration;
			buildSettings = {
				ALWAYS_SEARCH_USER_PATHS = NO;
				CLANG_CXX_LANGUAGE_STANDARD = "gnu++0x";
				CLANG_CXX_LIBRARY = "libc++";
				CLANG_ENABLE_MODULES = YES;
				CLANG_ENABLE_OBJC_ARC = YES;
				CLANG_WARN_BOOL_CONVERSION = YES;
				CLANG_WARN_CONSTANT_CONVERSION = YES;
				CLANG_WARN_DIRECT_OBJC_ISA_USAGE = YES_ERROR;
				CLANG_WARN_EMPTY_BODY = YES;
				CLANG_WARN_ENUM_CONVERSION = YES;
				CLANG_WARN_INT_CONVERSION = YES;
				CLANG_WARN_OBJC_ROOT_CLASS = YES_ERROR;
				CLANG_WARN__DUPLICATE_METHOD_MATCH = YES;
				"CODE_SIGN_IDENTITY[sdk=iphoneos*]" = "iPhone Developer";
				COPY_PHASE_STRIP = NO;
				GCC_C_LANGUAGE_STANDARD = gnu99;
				GCC_DYNAMIC_NO_PIC = NO;
				GCC_OPTIMIZATION_LEVEL = 0;
				GCC_PREPROCESSOR_DEFINITIONS = (
					"DEBUG=1",
					"$(inherited)",
				);
				GCC_SYMBOLS_PRIVATE_EXTERN = NO;
				GCC_WARN_64_TO_32_BIT_CONVERSION = YES;
				GCC_WARN_ABOUT_RETURN_TYPE = YES_ERROR;
				GCC_WARN_UNDECLARED_SELECTOR = YES;
				GCC_WARN_UNINITIALIZED_AUTOS = YES_AGGRESSIVE;
				GCC_WARN_UNUSED_FUNCTION = YES;
				GCC_WARN_UNUSED_VARIABLE = YES;
				IPHONEOS_DEPLOYMENT_TARGET = 7.1;
				ONLY_ACTIVE_ARCH = YES;
				SDKROOT = iphoneos;
				VALID_ARCHS = "$(ARCHS_STANDARD_32_BIT)";
			};
			name = Debug;
		};
		A6F826BC18DB5E03004A28C1 /* Release */ = {
			isa = XCBuildConfiguration;
			buildSettings = {
				ALWAYS_SEARCH_USER_PATHS = NO;
				CLANG_CXX_LANGUAGE_STANDARD = "gnu++0x";
				CLANG_CXX_LIBRARY = "libc++";
				CLANG_ENABLE_MODULES = YES;
				CLANG_ENABLE_OBJC_ARC = YES;
				CLANG_WARN_BOOL_CONVERSION = YES;
				CLANG_WARN_CONSTANT_CONVERSION = YES;
				CLANG_WARN_DIRECT_OBJC_ISA_USAGE = YES_ERROR;
				CLANG_WARN_EMPTY_BODY = YES;
				CLANG_WARN_ENUM_CONVERSION = YES;
				CLANG_WARN_INT_CONVERSION = YES;
				CLANG_WARN_OBJC_ROOT_CLASS = YES_ERROR;
				CLANG_WARN__DUPLICATE_METHOD_MATCH = YES;
				"CODE_SIGN_IDENTITY[sdk=iphoneos*]" = "iPhone Developer";
				COPY_PHASE_STRIP = YES;
				ENABLE_NS_ASSERTIONS = NO;
				GCC_C_LANGUAGE_STANDARD = gnu99;
				GCC_WARN_64_TO_32_BIT_CONVERSION = YES;
				GCC_WARN_ABOUT_RETURN_TYPE = YES_ERROR;
				GCC_WARN_UNDECLARED_SELECTOR = YES;
				GCC_WARN_UNINITIALIZED_AUTOS = YES_AGGRESSIVE;
				GCC_WARN_UNUSED_FUNCTION = YES;
				GCC_WARN_UNUSED_VARIABLE = YES;
				IPHONEOS_DEPLOYMENT_TARGET = 7.1;
				SDKROOT = iphoneos;
				VALIDATE_PRODUCT = YES;
				VALID_ARCHS = "$(ARCHS_STANDARD_32_BIT)";
			};
			name = Release;
		};
		A6F826BE18DB5E03004A28C1 /* Debug */ = {
			isa = XCBuildConfiguration;
			buildSettings = {
				ASSETCATALOG_COMPILER_APPICON_NAME = AppIcon;
				ASSETCATALOG_COMPILER_LAUNCHIMAGE_NAME = LaunchImage;
				GCC_PRECOMPILE_PREFIX_HEADER = YES;
				GCC_PREFIX_HEADER = "HCDrawerSwipeSegue/HCDrawerSwipeSegue-Prefix.pch";
				INFOPLIST_FILE = "HCDrawerSwipeSegue/HCDrawerSwipeSegue-Info.plist";
				IPHONEOS_DEPLOYMENT_TARGET = 6.1;
				LINK_WITH_STANDARD_LIBRARIES = NO;
				ONLY_ACTIVE_ARCH = NO;
				PRODUCT_NAME = "$(TARGET_NAME)";
				VALID_ARCHS = "$(ARCHS_STANDARD) $(ARCHS_STANDARD_32_BIT)";
				WRAPPER_EXTENSION = app;
			};
			name = Debug;
		};
		A6F826BF18DB5E03004A28C1 /* Release */ = {
			isa = XCBuildConfiguration;
			buildSettings = {
				ASSETCATALOG_COMPILER_APPICON_NAME = AppIcon;
				ASSETCATALOG_COMPILER_LAUNCHIMAGE_NAME = LaunchImage;
				GCC_PRECOMPILE_PREFIX_HEADER = YES;
				GCC_PREFIX_HEADER = "HCDrawerSwipeSegue/HCDrawerSwipeSegue-Prefix.pch";
				INFOPLIST_FILE = "HCDrawerSwipeSegue/HCDrawerSwipeSegue-Info.plist";
				IPHONEOS_DEPLOYMENT_TARGET = 6.1;
				LINK_WITH_STANDARD_LIBRARIES = NO;
				ONLY_ACTIVE_ARCH = NO;
				PRODUCT_NAME = "$(TARGET_NAME)";
				VALID_ARCHS = "$(ARCHS_STANDARD) $(ARCHS_STANDARD_32_BIT)";
				WRAPPER_EXTENSION = app;
			};
			name = Release;
		};
		A6F826C118DB5E03004A28C1 /* Debug */ = {
			isa = XCBuildConfiguration;
			buildSettings = {
				BUNDLE_LOADER = "$(BUILT_PRODUCTS_DIR)/HCDrawerSwipeSegue.app/HCDrawerSwipeSegue";
				FRAMEWORK_SEARCH_PATHS = (
					"$(SDKROOT)/Developer/Library/Frameworks",
					"$(inherited)",
					"$(DEVELOPER_FRAMEWORKS_DIR)",
				);
				GCC_PRECOMPILE_PREFIX_HEADER = YES;
				GCC_PREFIX_HEADER = "HCDrawerSwipeSegue/HCDrawerSwipeSegue-Prefix.pch";
				GCC_PREPROCESSOR_DEFINITIONS = (
					"DEBUG=1",
					"$(inherited)",
				);
				INFOPLIST_FILE = "HCDrawerSwipeSegueTests/HCDrawerSwipeSegueTests-Info.plist";
				LINK_WITH_STANDARD_LIBRARIES = NO;
				PRODUCT_NAME = "$(TARGET_NAME)";
				TEST_HOST = "$(BUNDLE_LOADER)";
				WRAPPER_EXTENSION = xctest;
			};
			name = Debug;
		};
		A6F826C218DB5E03004A28C1 /* Release */ = {
			isa = XCBuildConfiguration;
			buildSettings = {
				BUNDLE_LOADER = "$(BUILT_PRODUCTS_DIR)/HCDrawerSwipeSegue.app/HCDrawerSwipeSegue";
				FRAMEWORK_SEARCH_PATHS = (
					"$(SDKROOT)/Developer/Library/Frameworks",
					"$(inherited)",
					"$(DEVELOPER_FRAMEWORKS_DIR)",
				);
				GCC_PRECOMPILE_PREFIX_HEADER = YES;
				GCC_PREFIX_HEADER = "HCDrawerSwipeSegue/HCDrawerSwipeSegue-Prefix.pch";
				INFOPLIST_FILE = "HCDrawerSwipeSegueTests/HCDrawerSwipeSegueTests-Info.plist";
				LINK_WITH_STANDARD_LIBRARIES = NO;
				PRODUCT_NAME = "$(TARGET_NAME)";
				TEST_HOST = "$(BUNDLE_LOADER)";
				WRAPPER_EXTENSION = xctest;
			};
			name = Release;
		};
		A6F826D618DB5E68004A28C1 /* Debug */ = {
			isa = XCBuildConfiguration;
			buildSettings = {
				COMBINE_HIDPI_IMAGES = YES;
				COPY_PHASE_STRIP = NO;
				DEAD_CODE_STRIPPING = NO;
				GCC_ENABLE_OBJC_EXCEPTIONS = YES;
				GCC_PRECOMPILE_PREFIX_HEADER = NO;
				GCC_PREFIX_HEADER = "";
				GCC_PREPROCESSOR_DEFINITIONS = (
					"DEBUG=1",
					"$(inherited)",
				);
				INFOPLIST_FILE = "HCDrawerSwipeSegueBundle/HCDrawerSwipeSegueBundle-Info.plist";
				INSTALL_PATH = "$(LOCAL_LIBRARY_DIR)/Bundles";
				LINK_WITH_STANDARD_LIBRARIES = NO;
				MACH_O_TYPE = mh_object;
				MACOSX_DEPLOYMENT_TARGET = 10.9;
				ONLY_ACTIVE_ARCH = NO;
				PRODUCT_NAME = "$(TARGET_NAME)";
				SDKROOT = iphoneos;
				VALID_ARCHS = "$(ARCHS_STANDARD_32_BIT)";
				WRAPPER_EXTENSION = framework;
			};
			name = Debug;
		};
		A6F826D718DB5E68004A28C1 /* Release */ = {
			isa = XCBuildConfiguration;
			buildSettings = {
				COMBINE_HIDPI_IMAGES = YES;
				COPY_PHASE_STRIP = NO;
				DEAD_CODE_STRIPPING = NO;
				DEBUG_INFORMATION_FORMAT = "dwarf-with-dsym";
				GCC_ENABLE_OBJC_EXCEPTIONS = YES;
				GCC_PRECOMPILE_PREFIX_HEADER = NO;
				GCC_PREFIX_HEADER = "";
				INFOPLIST_FILE = "HCDrawerSwipeSegueBundle/HCDrawerSwipeSegueBundle-Info.plist";
				INSTALL_PATH = "$(LOCAL_LIBRARY_DIR)/Bundles";
				LINK_WITH_STANDARD_LIBRARIES = NO;
				MACH_O_TYPE = mh_object;
				MACOSX_DEPLOYMENT_TARGET = 10.9;
				ONLY_ACTIVE_ARCH = NO;
				PRODUCT_NAME = "$(TARGET_NAME)";
				SDKROOT = iphoneos;
				VALID_ARCHS = "$(ARCHS_STANDARD_32_BIT)";
				WRAPPER_EXTENSION = framework;
			};
			name = Release;
		};
		A6F826DC18DB5F1B004A28C1 /* Debug */ = {
			isa = XCBuildConfiguration;
			buildSettings = {
				COPY_PHASE_STRIP = YES;
				LINK_WITH_STANDARD_LIBRARIES = NO;
				ONLY_ACTIVE_ARCH = NO;
				PRODUCT_NAME = "$(TARGET_NAME)";
				VALIDATE_PRODUCT = NO;
				VALID_ARCHS = "$(ARCHS_STANDARD) $(ARCHS_STANDARD_32_BIT)";
			};
			name = Debug;
		};
		A6F826DD18DB5F1B004A28C1 /* Release */ = {
			isa = XCBuildConfiguration;
			buildSettings = {
				LINK_WITH_STANDARD_LIBRARIES = NO;
				PRODUCT_NAME = "$(TARGET_NAME)";
				VALIDATE_PRODUCT = NO;
				VALID_ARCHS = "$(ARCHS_STANDARD) $(ARCHS_STANDARD_32_BIT)";
			};
			name = Release;
		};
/* End XCBuildConfiguration section */

/* Begin XCConfigurationList section */
		A6F8268C18DB5E03004A28C1 /* Build configuration list for PBXProject "HCDrawerSwipeSegue" */ = {
			isa = XCConfigurationList;
			buildConfigurations = (
				A6F826BB18DB5E03004A28C1 /* Debug */,
				A6F826BC18DB5E03004A28C1 /* Release */,
			);
			defaultConfigurationIsVisible = 0;
			defaultConfigurationName = Release;
		};
		A6F826BD18DB5E03004A28C1 /* Build configuration list for PBXNativeTarget "HCDrawerSwipeSegue" */ = {
			isa = XCConfigurationList;
			buildConfigurations = (
				A6F826BE18DB5E03004A28C1 /* Debug */,
				A6F826BF18DB5E03004A28C1 /* Release */,
			);
			defaultConfigurationIsVisible = 0;
			defaultConfigurationName = Release;
		};
		A6F826C018DB5E03004A28C1 /* Build configuration list for PBXNativeTarget "HCDrawerSwipeSegueTests" */ = {
			isa = XCConfigurationList;
			buildConfigurations = (
				A6F826C118DB5E03004A28C1 /* Debug */,
				A6F826C218DB5E03004A28C1 /* Release */,
			);
			defaultConfigurationIsVisible = 0;
			defaultConfigurationName = Release;
		};
		A6F826D518DB5E68004A28C1 /* Build configuration list for PBXNativeTarget "HCDrawerSwipeSegueBundle" */ = {
			isa = XCConfigurationList;
			buildConfigurations = (
				A6F826D618DB5E68004A28C1 /* Debug */,
				A6F826D718DB5E68004A28C1 /* Release */,
			);
			defaultConfigurationIsVisible = 0;
			defaultConfigurationName = Release;
		};
		A6F826DB18DB5F1B004A28C1 /* Build configuration list for PBXAggregateTarget "HCDSS" */ = {
			isa = XCConfigurationList;
			buildConfigurations = (
				A6F826DC18DB5F1B004A28C1 /* Debug */,
				A6F826DD18DB5F1B004A28C1 /* Release */,
			);
			defaultConfigurationIsVisible = 0;
			defaultConfigurationName = Release;
		};
/* End XCConfigurationList section */
	};
	rootObject = A6F8268918DB5E03004A28C1 /* Project object */;
}
